// !$*UTF8*$!
{
	archiveVersion = 1;
	classes = {
	};
	objectVersion = 55;
	objects = {

/* Begin PBXBuildFile section */
		D706FD5127FB363700A2C22F /* CameraCaptureButtonView.swift in Sources */ = {isa = PBXBuildFile; fileRef = D706FD5027FB363700A2C22F /* CameraCaptureButtonView.swift */; };
		D71C5661281029C000BABD72 /* Photo.swift in Sources */ = {isa = PBXBuildFile; fileRef = D71C5660281029C000BABD72 /* Photo.swift */; };
		D71C566328102A8E00BABD72 /* AlertError.swift in Sources */ = {isa = PBXBuildFile; fileRef = D71C566228102A8E00BABD72 /* AlertError.swift */; };
		D744A44F27E60FD800A7DE9F /* CameraOverlayView.swift in Sources */ = {isa = PBXBuildFile; fileRef = D744A44E27E60FD800A7DE9F /* CameraOverlayView.swift */; };
		D744A45127E677AB00A7DE9F /* CameraOverlayActionView.swift in Sources */ = {isa = PBXBuildFile; fileRef = D744A45027E677AB00A7DE9F /* CameraOverlayActionView.swift */; };
		D74E26F827AC2F1600992242 /* PicItApp.swift in Sources */ = {isa = PBXBuildFile; fileRef = D74E26F727AC2F1600992242 /* PicItApp.swift */; };
		D74E26FA27AC2F1600992242 /* CameraView.swift in Sources */ = {isa = PBXBuildFile; fileRef = D74E26F927AC2F1600992242 /* CameraView.swift */; };
		D74E26FF27AC2F1700992242 /* Preview Assets.xcassets in Resources */ = {isa = PBXBuildFile; fileRef = D74E26FE27AC2F1700992242 /* Preview Assets.xcassets */; };
		D74E270927AC2F1700992242 /* PicItTests.swift in Sources */ = {isa = PBXBuildFile; fileRef = D74E270827AC2F1700992242 /* PicItTests.swift */; };
		D74E271327AC2F1700992242 /* PicItUITests.swift in Sources */ = {isa = PBXBuildFile; fileRef = D74E271227AC2F1700992242 /* PicItUITests.swift */; };
		D74E271527AC2F1700992242 /* PicItUITestsLaunchTests.swift in Sources */ = {isa = PBXBuildFile; fileRef = D74E271427AC2F1700992242 /* PicItUITestsLaunchTests.swift */; };
		D74E272227AC2F7C00992242 /* CameraService.swift in Sources */ = {isa = PBXBuildFile; fileRef = D74E272127AC2F7C00992242 /* CameraService.swift */; };
		D74E272427AC2FC100992242 /* CameraService+Enums.swift in Sources */ = {isa = PBXBuildFile; fileRef = D74E272327AC2FC100992242 /* CameraService+Enums.swift */; };
		D74E272627AC2FE900992242 /* CameraService+Extensions.swift in Sources */ = {isa = PBXBuildFile; fileRef = D74E272527AC2FE900992242 /* CameraService+Extensions.swift */; };
		D74E272827AC301900992242 /* ImageResizer.swift in Sources */ = {isa = PBXBuildFile; fileRef = D74E272727AC301900992242 /* ImageResizer.swift */; };
		D74E272A27AC304400992242 /* PhotoCaptureProcessor.swift in Sources */ = {isa = PBXBuildFile; fileRef = D74E272927AC304400992242 /* PhotoCaptureProcessor.swift */; };
		D74E272E27AC30C700992242 /* CameraPreview.swift in Sources */ = {isa = PBXBuildFile; fileRef = D74E272D27AC30C700992242 /* CameraPreview.swift */; };
		D74E273027AC385F00992242 /* CameraModel.swift in Sources */ = {isa = PBXBuildFile; fileRef = D74E272F27AC385F00992242 /* CameraModel.swift */; };
		D74E273227AC6E1C00992242 /* Settings.bundle in Resources */ = {isa = PBXBuildFile; fileRef = D74E273127AC6E1C00992242 /* Settings.bundle */; };
		D74E273527AF18D100992242 /* Countdown.swift in Sources */ = {isa = PBXBuildFile; fileRef = D74E273427AF18D100992242 /* Countdown.swift */; };
		D74E273727AF197200992242 /* Settings.swift in Sources */ = {isa = PBXBuildFile; fileRef = D74E273627AF197200992242 /* Settings.swift */; };
		D74E273927AF2D6700992242 /* ContentView.swift in Sources */ = {isa = PBXBuildFile; fileRef = D74E273827AF2D6700992242 /* ContentView.swift */; };
		D74E273D27B29FBC00992242 /* Assets.xcassets in Resources */ = {isa = PBXBuildFile; fileRef = D74E273C27B29FBC00992242 /* Assets.xcassets */; };
		D76EBDED27E8B8010062D59B /* SettingsView.swift in Sources */ = {isa = PBXBuildFile; fileRef = D76EBDEC27E8B8010062D59B /* SettingsView.swift */; };
		D7752ECE27C3CC9300F3EB16 /* OutputHandlerView.swift in Sources */ = {isa = PBXBuildFile; fileRef = D7752ECD27C3CC9300F3EB16 /* OutputHandlerView.swift */; };
		D7752ED027C4231D00F3EB16 /* ThumbnailView.swift in Sources */ = {isa = PBXBuildFile; fileRef = D7752ECF27C4231D00F3EB16 /* ThumbnailView.swift */; };
		D7752ED227CE653100F3EB16 /* TimerPublishers.swift in Sources */ = {isa = PBXBuildFile; fileRef = D7752ED127CE653100F3EB16 /* TimerPublishers.swift */; };
		D7752ED427D0E1ED00F3EB16 /* README.MD in Resources */ = {isa = PBXBuildFile; fileRef = D7752ED327D0E1ED00F3EB16 /* README.MD */; };
		D794C7D2280D978C00A24D25 /* MediaModeView+Extensions.swift in Sources */ = {isa = PBXBuildFile; fileRef = D794C7D1280D978C00A24D25 /* MediaModeView+Extensions.swift */; };
		D7ABD43427EFA4ED0072FB0E /* TypeAlias.swift in Sources */ = {isa = PBXBuildFile; fileRef = D7ABD43327EFA4ED0072FB0E /* TypeAlias.swift */; };
		D7ABD43727EFA8A30072FB0E /* .swiftlint.yml in Resources */ = {isa = PBXBuildFile; fileRef = D7ABD43627EFA8A30072FB0E /* .swiftlint.yml */; };
		D7ABD43927F0A4750072FB0E /* PicItLog.swift in Sources */ = {isa = PBXBuildFile; fileRef = D7ABD43827F0A4750072FB0E /* PicItLog.swift */; };
		D7CBAC6B2822B37500B9B9A0 /* CountdownSweeperView.swift in Sources */ = {isa = PBXBuildFile; fileRef = D7CBAC6A2822B37500B9B9A0 /* CountdownSweeperView.swift */; };
		D7CBAC6D2822C45A00B9B9A0 /* CameraButtonBackgroundView.swift in Sources */ = {isa = PBXBuildFile; fileRef = D7CBAC6C2822C45A00B9B9A0 /* CameraButtonBackgroundView.swift */; };
		D7CBAC762822CEB400B9B9A0 /* Color+Extensions.swift in Sources */ = {isa = PBXBuildFile; fileRef = D7CBAC752822CEB400B9B9A0 /* Color+Extensions.swift */; };
		D7CBAC7C282462EA00B9B9A0 /* BaseIndicatorView.swift in Sources */ = {isa = PBXBuildFile; fileRef = D7CBAC78282462EA00B9B9A0 /* BaseIndicatorView.swift */; };
		D7CBAC7D282462EA00B9B9A0 /* ReadyIndicatorView.swift in Sources */ = {isa = PBXBuildFile; fileRef = D7CBAC79282462EA00B9B9A0 /* ReadyIndicatorView.swift */; };
		D7CBAC7E282462EA00B9B9A0 /* NotReadyIndicatorView.swift in Sources */ = {isa = PBXBuildFile; fileRef = D7CBAC7A282462EA00B9B9A0 /* NotReadyIndicatorView.swift */; };
		D7CBAC7F282462EA00B9B9A0 /* InUseIndicatorView.swift in Sources */ = {isa = PBXBuildFile; fileRef = D7CBAC7B282462EA00B9B9A0 /* InUseIndicatorView.swift */; };
		D7CBAC822825B87700B9B9A0 /* CountdownTests.swift in Sources */ = {isa = PBXBuildFile; fileRef = D7CBAC812825B87700B9B9A0 /* CountdownTests.swift */; };
/* End PBXBuildFile section */

/* Begin PBXContainerItemProxy section */
		D74E270527AC2F1700992242 /* PBXContainerItemProxy */ = {
			isa = PBXContainerItemProxy;
			containerPortal = D74E26EC27AC2F1600992242 /* Project object */;
			proxyType = 1;
			remoteGlobalIDString = D74E26F327AC2F1600992242;
			remoteInfo = PicIt;
		};
		D74E270F27AC2F1700992242 /* PBXContainerItemProxy */ = {
			isa = PBXContainerItemProxy;
			containerPortal = D74E26EC27AC2F1600992242 /* Project object */;
			proxyType = 1;
			remoteGlobalIDString = D74E26F327AC2F1600992242;
			remoteInfo = PicIt;
		};
/* End PBXContainerItemProxy section */

/* Begin PBXFileReference section */
		D706FD5027FB363700A2C22F /* CameraCaptureButtonView.swift */ = {isa = PBXFileReference; lastKnownFileType = sourcecode.swift; path = CameraCaptureButtonView.swift; sourceTree = "<group>"; };
		D71C5660281029C000BABD72 /* Photo.swift */ = {isa = PBXFileReference; lastKnownFileType = sourcecode.swift; path = Photo.swift; sourceTree = "<group>"; };
		D71C566228102A8E00BABD72 /* AlertError.swift */ = {isa = PBXFileReference; lastKnownFileType = sourcecode.swift; path = AlertError.swift; sourceTree = "<group>"; };
		D744A44E27E60FD800A7DE9F /* CameraOverlayView.swift */ = {isa = PBXFileReference; lastKnownFileType = sourcecode.swift; path = CameraOverlayView.swift; sourceTree = "<group>"; };
		D744A45027E677AB00A7DE9F /* CameraOverlayActionView.swift */ = {isa = PBXFileReference; lastKnownFileType = sourcecode.swift; path = CameraOverlayActionView.swift; sourceTree = "<group>"; };
		D74E26F427AC2F1600992242 /* PicIt.app */ = {isa = PBXFileReference; explicitFileType = wrapper.application; includeInIndex = 0; path = PicIt.app; sourceTree = BUILT_PRODUCTS_DIR; };
		D74E26F727AC2F1600992242 /* PicItApp.swift */ = {isa = PBXFileReference; lastKnownFileType = sourcecode.swift; path = PicItApp.swift; sourceTree = "<group>"; };
		D74E26F927AC2F1600992242 /* CameraView.swift */ = {isa = PBXFileReference; lastKnownFileType = sourcecode.swift; path = CameraView.swift; sourceTree = "<group>"; };
		D74E26FE27AC2F1700992242 /* Preview Assets.xcassets */ = {isa = PBXFileReference; lastKnownFileType = folder.assetcatalog; path = "Preview Assets.xcassets"; sourceTree = "<group>"; };
		D74E270427AC2F1700992242 /* PicItTests.xctest */ = {isa = PBXFileReference; explicitFileType = wrapper.cfbundle; includeInIndex = 0; path = PicItTests.xctest; sourceTree = BUILT_PRODUCTS_DIR; };
		D74E270827AC2F1700992242 /* PicItTests.swift */ = {isa = PBXFileReference; lastKnownFileType = sourcecode.swift; path = PicItTests.swift; sourceTree = "<group>"; };
		D74E270E27AC2F1700992242 /* PicItUITests.xctest */ = {isa = PBXFileReference; explicitFileType = wrapper.cfbundle; includeInIndex = 0; path = PicItUITests.xctest; sourceTree = BUILT_PRODUCTS_DIR; };
		D74E271227AC2F1700992242 /* PicItUITests.swift */ = {isa = PBXFileReference; lastKnownFileType = sourcecode.swift; path = PicItUITests.swift; sourceTree = "<group>"; };
		D74E271427AC2F1700992242 /* PicItUITestsLaunchTests.swift */ = {isa = PBXFileReference; lastKnownFileType = sourcecode.swift; path = PicItUITestsLaunchTests.swift; sourceTree = "<group>"; };
		D74E272127AC2F7C00992242 /* CameraService.swift */ = {isa = PBXFileReference; lastKnownFileType = sourcecode.swift; path = CameraService.swift; sourceTree = "<group>"; };
		D74E272327AC2FC100992242 /* CameraService+Enums.swift */ = {isa = PBXFileReference; lastKnownFileType = sourcecode.swift; path = "CameraService+Enums.swift"; sourceTree = "<group>"; };
		D74E272527AC2FE900992242 /* CameraService+Extensions.swift */ = {isa = PBXFileReference; lastKnownFileType = sourcecode.swift; path = "CameraService+Extensions.swift"; sourceTree = "<group>"; };
		D74E272727AC301900992242 /* ImageResizer.swift */ = {isa = PBXFileReference; lastKnownFileType = sourcecode.swift; path = ImageResizer.swift; sourceTree = "<group>"; };
		D74E272927AC304400992242 /* PhotoCaptureProcessor.swift */ = {isa = PBXFileReference; lastKnownFileType = sourcecode.swift; path = PhotoCaptureProcessor.swift; sourceTree = "<group>"; };
		D74E272D27AC30C700992242 /* CameraPreview.swift */ = {isa = PBXFileReference; lastKnownFileType = sourcecode.swift; path = CameraPreview.swift; sourceTree = "<group>"; };
		D74E272F27AC385F00992242 /* CameraModel.swift */ = {isa = PBXFileReference; lastKnownFileType = sourcecode.swift; path = CameraModel.swift; sourceTree = "<group>"; };
		D74E273127AC6E1C00992242 /* Settings.bundle */ = {isa = PBXFileReference; lastKnownFileType = "wrapper.plug-in"; path = Settings.bundle; sourceTree = "<group>"; };
		D74E273427AF18D100992242 /* Countdown.swift */ = {isa = PBXFileReference; lastKnownFileType = sourcecode.swift; path = Countdown.swift; sourceTree = "<group>"; };
		D74E273627AF197200992242 /* Settings.swift */ = {isa = PBXFileReference; lastKnownFileType = sourcecode.swift; path = Settings.swift; sourceTree = "<group>"; };
		D74E273827AF2D6700992242 /* ContentView.swift */ = {isa = PBXFileReference; lastKnownFileType = sourcecode.swift; path = ContentView.swift; sourceTree = "<group>"; };
		D74E273C27B29FBC00992242 /* Assets.xcassets */ = {isa = PBXFileReference; lastKnownFileType = folder.assetcatalog; path = Assets.xcassets; sourceTree = "<group>"; };
		D76EBDEC27E8B8010062D59B /* SettingsView.swift */ = {isa = PBXFileReference; lastKnownFileType = sourcecode.swift; path = SettingsView.swift; sourceTree = "<group>"; };
		D7752ECD27C3CC9300F3EB16 /* OutputHandlerView.swift */ = {isa = PBXFileReference; lastKnownFileType = sourcecode.swift; path = OutputHandlerView.swift; sourceTree = "<group>"; };
		D7752ECF27C4231D00F3EB16 /* ThumbnailView.swift */ = {isa = PBXFileReference; lastKnownFileType = sourcecode.swift; path = ThumbnailView.swift; sourceTree = "<group>"; };
		D7752ED127CE653100F3EB16 /* TimerPublishers.swift */ = {isa = PBXFileReference; lastKnownFileType = sourcecode.swift; path = TimerPublishers.swift; sourceTree = "<group>"; };
		D7752ED327D0E1ED00F3EB16 /* README.MD */ = {isa = PBXFileReference; fileEncoding = 4; lastKnownFileType = net.daringfireball.markdown; path = README.MD; sourceTree = "<group>"; };
		D794C7D1280D978C00A24D25 /* MediaModeView+Extensions.swift */ = {isa = PBXFileReference; lastKnownFileType = sourcecode.swift; path = "MediaModeView+Extensions.swift"; sourceTree = "<group>"; };
		D7ABD43327EFA4ED0072FB0E /* TypeAlias.swift */ = {isa = PBXFileReference; lastKnownFileType = sourcecode.swift; path = TypeAlias.swift; sourceTree = "<group>"; };
		D7ABD43627EFA8A30072FB0E /* .swiftlint.yml */ = {isa = PBXFileReference; lastKnownFileType = text.yaml; path = .swiftlint.yml; sourceTree = "<group>"; };
		D7ABD43827F0A4750072FB0E /* PicItLog.swift */ = {isa = PBXFileReference; lastKnownFileType = sourcecode.swift; path = PicItLog.swift; sourceTree = "<group>"; };
		D7CBAC6A2822B37500B9B9A0 /* CountdownSweeperView.swift */ = {isa = PBXFileReference; lastKnownFileType = sourcecode.swift; path = CountdownSweeperView.swift; sourceTree = "<group>"; };
		D7CBAC6C2822C45A00B9B9A0 /* CameraButtonBackgroundView.swift */ = {isa = PBXFileReference; lastKnownFileType = sourcecode.swift; path = CameraButtonBackgroundView.swift; sourceTree = "<group>"; };
		D7CBAC752822CEB400B9B9A0 /* Color+Extensions.swift */ = {isa = PBXFileReference; lastKnownFileType = sourcecode.swift; path = "Color+Extensions.swift"; sourceTree = "<group>"; };
		D7CBAC78282462EA00B9B9A0 /* BaseIndicatorView.swift */ = {isa = PBXFileReference; fileEncoding = 4; lastKnownFileType = sourcecode.swift; path = BaseIndicatorView.swift; sourceTree = "<group>"; };
		D7CBAC79282462EA00B9B9A0 /* ReadyIndicatorView.swift */ = {isa = PBXFileReference; fileEncoding = 4; lastKnownFileType = sourcecode.swift; path = ReadyIndicatorView.swift; sourceTree = "<group>"; };
		D7CBAC7A282462EA00B9B9A0 /* NotReadyIndicatorView.swift */ = {isa = PBXFileReference; fileEncoding = 4; lastKnownFileType = sourcecode.swift; path = NotReadyIndicatorView.swift; sourceTree = "<group>"; };
		D7CBAC7B282462EA00B9B9A0 /* InUseIndicatorView.swift */ = {isa = PBXFileReference; fileEncoding = 4; lastKnownFileType = sourcecode.swift; path = InUseIndicatorView.swift; sourceTree = "<group>"; };
		D7CBAC812825B87700B9B9A0 /* CountdownTests.swift */ = {isa = PBXFileReference; lastKnownFileType = sourcecode.swift; path = CountdownTests.swift; sourceTree = "<group>"; };
/* End PBXFileReference section */

/* Begin PBXFrameworksBuildPhase section */
		D74E26F127AC2F1600992242 /* Frameworks */ = {
			isa = PBXFrameworksBuildPhase;
			buildActionMask = 2147483647;
			files = (
			);
			runOnlyForDeploymentPostprocessing = 0;
		};
		D74E270127AC2F1700992242 /* Frameworks */ = {
			isa = PBXFrameworksBuildPhase;
			buildActionMask = 2147483647;
			files = (
			);
			runOnlyForDeploymentPostprocessing = 0;
		};
		D74E270B27AC2F1700992242 /* Frameworks */ = {
			isa = PBXFrameworksBuildPhase;
			buildActionMask = 2147483647;
			files = (
			);
			runOnlyForDeploymentPostprocessing = 0;
		};
/* End PBXFrameworksBuildPhase section */

/* Begin PBXGroup section */
		D707D95227B8742E0021E33E /* Service */ = {
			isa = PBXGroup;
			children = (
				D71C566228102A8E00BABD72 /* AlertError.swift */,
				D74E272127AC2F7C00992242 /* CameraService.swift */,
				D74E272327AC2FC100992242 /* CameraService+Enums.swift */,
				D74E272527AC2FE900992242 /* CameraService+Extensions.swift */,
				D71C5660281029C000BABD72 /* Photo.swift */,
			);
			path = Service;
			sourceTree = "<group>";
		};
		D74E26EB27AC2F1600992242 = {
			isa = PBXGroup;
			children = (
				D7ABD43627EFA8A30072FB0E /* .swiftlint.yml */,
				D7752ED327D0E1ED00F3EB16 /* README.MD */,
				D74E273127AC6E1C00992242 /* Settings.bundle */,
				D74E26F627AC2F1600992242 /* PicIt */,
				D74E270727AC2F1700992242 /* PicItTests */,
				D74E271127AC2F1700992242 /* PicItUITests */,
				D74E26F527AC2F1600992242 /* Products */,
			);
			sourceTree = "<group>";
		};
		D74E26F527AC2F1600992242 /* Products */ = {
			isa = PBXGroup;
			children = (
				D74E26F427AC2F1600992242 /* PicIt.app */,
				D74E270427AC2F1700992242 /* PicItTests.xctest */,
				D74E270E27AC2F1700992242 /* PicItUITests.xctest */,
			);
			name = Products;
			sourceTree = "<group>";
		};
		D74E26F627AC2F1600992242 /* PicIt */ = {
			isa = PBXGroup;
			children = (
				D74E26F727AC2F1600992242 /* PicItApp.swift */,
				D7ABD43327EFA4ED0072FB0E /* TypeAlias.swift */,
				D7ABD43827F0A4750072FB0E /* PicItLog.swift */,
				D74E273E27B86FFA00992242 /* View */,
				D74E273C27B29FBC00992242 /* Assets.xcassets */,
				D74E273327AF189B00992242 /* Model */,
				D707D95227B8742E0021E33E /* Service */,
				D74E26FD27AC2F1700992242 /* Preview Content */,
				D74E272727AC301900992242 /* ImageResizer.swift */,
				D74E272927AC304400992242 /* PhotoCaptureProcessor.swift */,
				D7CBAC752822CEB400B9B9A0 /* Color+Extensions.swift */,
			);
			path = PicIt;
			sourceTree = "<group>";
		};
		D74E26FD27AC2F1700992242 /* Preview Content */ = {
			isa = PBXGroup;
			children = (
				D74E26FE27AC2F1700992242 /* Preview Assets.xcassets */,
			);
			path = "Preview Content";
			sourceTree = "<group>";
		};
		D74E270727AC2F1700992242 /* PicItTests */ = {
			isa = PBXGroup;
			children = (
				D7CBAC802825B84C00B9B9A0 /* Model */,
				D74E270827AC2F1700992242 /* PicItTests.swift */,
			);
			path = PicItTests;
			sourceTree = "<group>";
		};
		D74E271127AC2F1700992242 /* PicItUITests */ = {
			isa = PBXGroup;
			children = (
				D74E271227AC2F1700992242 /* PicItUITests.swift */,
				D74E271427AC2F1700992242 /* PicItUITestsLaunchTests.swift */,
			);
			path = PicItUITests;
			sourceTree = "<group>";
		};
		D74E273327AF189B00992242 /* Model */ = {
			isa = PBXGroup;
			children = (
				D74E272F27AC385F00992242 /* CameraModel.swift */,
				D74E273427AF18D100992242 /* Countdown.swift */,
				D74E273627AF197200992242 /* Settings.swift */,
				D7752ED127CE653100F3EB16 /* TimerPublishers.swift */,
			);
			path = Model;
			sourceTree = "<group>";
		};
		D74E273E27B86FFA00992242 /* View */ = {
			isa = PBXGroup;
			children = (
				D7CBAC6E2822C46900B9B9A0 /* CameraButton */,
				D74E272D27AC30C700992242 /* CameraPreview.swift */,
				D74E26F927AC2F1600992242 /* CameraView.swift */,
				D74E273827AF2D6700992242 /* ContentView.swift */,
				D7752ECD27C3CC9300F3EB16 /* OutputHandlerView.swift */,
				D7752ECF27C4231D00F3EB16 /* ThumbnailView.swift */,
				D744A44E27E60FD800A7DE9F /* CameraOverlayView.swift */,
				D744A45027E677AB00A7DE9F /* CameraOverlayActionView.swift */,
				D76EBDEC27E8B8010062D59B /* SettingsView.swift */,
			);
			path = View;
			sourceTree = "<group>";
		};
		D7CBAC6E2822C46900B9B9A0 /* CameraButton */ = {
			isa = PBXGroup;
			children = (
				D7CBAC77282462EA00B9B9A0 /* Indicators */,
				D706FD5027FB363700A2C22F /* CameraCaptureButtonView.swift */,
				D794C7D1280D978C00A24D25 /* MediaModeView+Extensions.swift */,
				D7CBAC6A2822B37500B9B9A0 /* CountdownSweeperView.swift */,
				D7CBAC6C2822C45A00B9B9A0 /* CameraButtonBackgroundView.swift */,
			);
			path = CameraButton;
			sourceTree = "<group>";
		};
		D7CBAC77282462EA00B9B9A0 /* Indicators */ = {
			isa = PBXGroup;
			children = (
				D7CBAC78282462EA00B9B9A0 /* BaseIndicatorView.swift */,
				D7CBAC79282462EA00B9B9A0 /* ReadyIndicatorView.swift */,
				D7CBAC7A282462EA00B9B9A0 /* NotReadyIndicatorView.swift */,
				D7CBAC7B282462EA00B9B9A0 /* InUseIndicatorView.swift */,
			);
			path = Indicators;
			sourceTree = "<group>";
		};
		D7CBAC802825B84C00B9B9A0 /* Model */ = {
			isa = PBXGroup;
			children = (
				D7CBAC812825B87700B9B9A0 /* CountdownTests.swift */,
			);
			path = Model;
			sourceTree = "<group>";
		};
/* End PBXGroup section */

/* Begin PBXNativeTarget section */
		D74E26F327AC2F1600992242 /* PicIt */ = {
			isa = PBXNativeTarget;
			buildConfigurationList = D74E271827AC2F1700992242 /* Build configuration list for PBXNativeTarget "PicIt" */;
			buildPhases = (
				D7ABD43527EFA76D0072FB0E /* SwiftLint */,
				D74E26F027AC2F1600992242 /* Sources */,
				D74E26F127AC2F1600992242 /* Frameworks */,
				D74E26F227AC2F1600992242 /* Resources */,
			);
			buildRules = (
			);
			dependencies = (
			);
			name = PicIt;
			productName = PicIt;
			productReference = D74E26F427AC2F1600992242 /* PicIt.app */;
			productType = "com.apple.product-type.application";
		};
		D74E270327AC2F1700992242 /* PicItTests */ = {
			isa = PBXNativeTarget;
			buildConfigurationList = D74E271B27AC2F1700992242 /* Build configuration list for PBXNativeTarget "PicItTests" */;
			buildPhases = (
				D74E270027AC2F1700992242 /* Sources */,
				D74E270127AC2F1700992242 /* Frameworks */,
				D74E270227AC2F1700992242 /* Resources */,
			);
			buildRules = (
			);
			dependencies = (
				D74E270627AC2F1700992242 /* PBXTargetDependency */,
			);
			name = PicItTests;
			productName = PicItTests;
			productReference = D74E270427AC2F1700992242 /* PicItTests.xctest */;
			productType = "com.apple.product-type.bundle.unit-test";
		};
		D74E270D27AC2F1700992242 /* PicItUITests */ = {
			isa = PBXNativeTarget;
			buildConfigurationList = D74E271E27AC2F1700992242 /* Build configuration list for PBXNativeTarget "PicItUITests" */;
			buildPhases = (
				D74E270A27AC2F1700992242 /* Sources */,
				D74E270B27AC2F1700992242 /* Frameworks */,
				D74E270C27AC2F1700992242 /* Resources */,
			);
			buildRules = (
			);
			dependencies = (
				D74E271027AC2F1700992242 /* PBXTargetDependency */,
			);
			name = PicItUITests;
			productName = PicItUITests;
			productReference = D74E270E27AC2F1700992242 /* PicItUITests.xctest */;
			productType = "com.apple.product-type.bundle.ui-testing";
		};
/* End PBXNativeTarget section */

/* Begin PBXProject section */
		D74E26EC27AC2F1600992242 /* Project object */ = {
			isa = PBXProject;
			attributes = {
				BuildIndependentTargetsInParallel = 1;
				LastSwiftUpdateCheck = 1320;
				LastUpgradeCheck = 1320;
				TargetAttributes = {
					D74E26F327AC2F1600992242 = {
						CreatedOnToolsVersion = 13.2.1;
					};
					D74E270327AC2F1700992242 = {
						CreatedOnToolsVersion = 13.2.1;
						TestTargetID = D74E26F327AC2F1600992242;
					};
					D74E270D27AC2F1700992242 = {
						CreatedOnToolsVersion = 13.2.1;
						TestTargetID = D74E26F327AC2F1600992242;
					};
				};
			};
			buildConfigurationList = D74E26EF27AC2F1600992242 /* Build configuration list for PBXProject "PicIt" */;
			compatibilityVersion = "Xcode 13.0";
			developmentRegion = en;
			hasScannedForEncodings = 0;
			knownRegions = (
				en,
				Base,
			);
			mainGroup = D74E26EB27AC2F1600992242;
			productRefGroup = D74E26F527AC2F1600992242 /* Products */;
			projectDirPath = "";
			projectRoot = "";
			targets = (
				D74E26F327AC2F1600992242 /* PicIt */,
				D74E270327AC2F1700992242 /* PicItTests */,
				D74E270D27AC2F1700992242 /* PicItUITests */,
			);
		};
/* End PBXProject section */

/* Begin PBXResourcesBuildPhase section */
		D74E26F227AC2F1600992242 /* Resources */ = {
			isa = PBXResourcesBuildPhase;
			buildActionMask = 2147483647;
			files = (
				D7ABD43727EFA8A30072FB0E /* .swiftlint.yml in Resources */,
				D74E26FF27AC2F1700992242 /* Preview Assets.xcassets in Resources */,
				D74E273D27B29FBC00992242 /* Assets.xcassets in Resources */,
				D7752ED427D0E1ED00F3EB16 /* README.MD in Resources */,
				D74E273227AC6E1C00992242 /* Settings.bundle in Resources */,
			);
			runOnlyForDeploymentPostprocessing = 0;
		};
		D74E270227AC2F1700992242 /* Resources */ = {
			isa = PBXResourcesBuildPhase;
			buildActionMask = 2147483647;
			files = (
			);
			runOnlyForDeploymentPostprocessing = 0;
		};
		D74E270C27AC2F1700992242 /* Resources */ = {
			isa = PBXResourcesBuildPhase;
			buildActionMask = 2147483647;
			files = (
			);
			runOnlyForDeploymentPostprocessing = 0;
		};
/* End PBXResourcesBuildPhase section */

/* Begin PBXShellScriptBuildPhase section */
		D7ABD43527EFA76D0072FB0E /* SwiftLint */ = {
			isa = PBXShellScriptBuildPhase;
			buildActionMask = 2147483647;
			files = (
			);
			inputFileListPaths = (
			);
			inputPaths = (
			);
			name = SwiftLint;
			outputFileListPaths = (
			);
			outputPaths = (
			);
			runOnlyForDeploymentPostprocessing = 0;
			shellPath = /bin/sh;
			shellScript = "export PATH=\"$PATH:/opt/homebrew/bin\"\nif which swiftlint > /dev/null; then\n  swiftlint\nelse\n  echo \"warning: SwiftLint not installed, download from https://github.com/realm/SwiftLint\"\nfi\n";
		};
/* End PBXShellScriptBuildPhase section */

/* Begin PBXSourcesBuildPhase section */
		D74E26F027AC2F1600992242 /* Sources */ = {
			isa = PBXSourcesBuildPhase;
			buildActionMask = 2147483647;
			files = (
				D74E26FA27AC2F1600992242 /* CameraView.swift in Sources */,
				D7752ED227CE653100F3EB16 /* TimerPublishers.swift in Sources */,
				D74E272E27AC30C700992242 /* CameraPreview.swift in Sources */,
				D7CBAC7D282462EA00B9B9A0 /* ReadyIndicatorView.swift in Sources */,
				D744A44F27E60FD800A7DE9F /* CameraOverlayView.swift in Sources */,
				D7752ECE27C3CC9300F3EB16 /* OutputHandlerView.swift in Sources */,
				D7CBAC7C282462EA00B9B9A0 /* BaseIndicatorView.swift in Sources */,
				D7CBAC762822CEB400B9B9A0 /* Color+Extensions.swift in Sources */,
				D76EBDED27E8B8010062D59B /* SettingsView.swift in Sources */,
				D7ABD43927F0A4750072FB0E /* PicItLog.swift in Sources */,
				D7CBAC7F282462EA00B9B9A0 /* InUseIndicatorView.swift in Sources */,
				D74E273927AF2D6700992242 /* ContentView.swift in Sources */,
				D71C5661281029C000BABD72 /* Photo.swift in Sources */,
				D74E272427AC2FC100992242 /* CameraService+Enums.swift in Sources */,
				D7ABD43427EFA4ED0072FB0E /* TypeAlias.swift in Sources */,
				D74E26F827AC2F1600992242 /* PicItApp.swift in Sources */,
				D74E272227AC2F7C00992242 /* CameraService.swift in Sources */,
				D74E272A27AC304400992242 /* PhotoCaptureProcessor.swift in Sources */,
				D74E272827AC301900992242 /* ImageResizer.swift in Sources */,
				D794C7D2280D978C00A24D25 /* MediaModeView+Extensions.swift in Sources */,
				D7CBAC6B2822B37500B9B9A0 /* CountdownSweeperView.swift in Sources */,
				D744A45127E677AB00A7DE9F /* CameraOverlayActionView.swift in Sources */,
				D74E273527AF18D100992242 /* Countdown.swift in Sources */,
				D7CBAC7E282462EA00B9B9A0 /* NotReadyIndicatorView.swift in Sources */,
				D74E272627AC2FE900992242 /* CameraService+Extensions.swift in Sources */,
				D71C566328102A8E00BABD72 /* AlertError.swift in Sources */,
				D706FD5127FB363700A2C22F /* CameraCaptureButtonView.swift in Sources */,
				D7CBAC6D2822C45A00B9B9A0 /* CameraButtonBackgroundView.swift in Sources */,
				D7752ED027C4231D00F3EB16 /* ThumbnailView.swift in Sources */,
				D74E273727AF197200992242 /* Settings.swift in Sources */,
				D74E273027AC385F00992242 /* CameraModel.swift in Sources */,
			);
			runOnlyForDeploymentPostprocessing = 0;
		};
		D74E270027AC2F1700992242 /* Sources */ = {
			isa = PBXSourcesBuildPhase;
			buildActionMask = 2147483647;
			files = (
				D74E270927AC2F1700992242 /* PicItTests.swift in Sources */,
				D7CBAC822825B87700B9B9A0 /* CountdownTests.swift in Sources */,
			);
			runOnlyForDeploymentPostprocessing = 0;
		};
		D74E270A27AC2F1700992242 /* Sources */ = {
			isa = PBXSourcesBuildPhase;
			buildActionMask = 2147483647;
			files = (
				D74E271527AC2F1700992242 /* PicItUITestsLaunchTests.swift in Sources */,
				D74E271327AC2F1700992242 /* PicItUITests.swift in Sources */,
			);
			runOnlyForDeploymentPostprocessing = 0;
		};
/* End PBXSourcesBuildPhase section */

/* Begin PBXTargetDependency section */
		D74E270627AC2F1700992242 /* PBXTargetDependency */ = {
			isa = PBXTargetDependency;
			target = D74E26F327AC2F1600992242 /* PicIt */;
			targetProxy = D74E270527AC2F1700992242 /* PBXContainerItemProxy */;
		};
		D74E271027AC2F1700992242 /* PBXTargetDependency */ = {
			isa = PBXTargetDependency;
			target = D74E26F327AC2F1600992242 /* PicIt */;
			targetProxy = D74E270F27AC2F1700992242 /* PBXContainerItemProxy */;
		};
/* End PBXTargetDependency section */

/* Begin XCBuildConfiguration section */
		D74E271627AC2F1700992242 /* Debug */ = {
			isa = XCBuildConfiguration;
			buildSettings = {
				ALWAYS_SEARCH_USER_PATHS = NO;
				CLANG_ANALYZER_NONNULL = YES;
				CLANG_ANALYZER_NUMBER_OBJECT_CONVERSION = YES_AGGRESSIVE;
				CLANG_CXX_LANGUAGE_STANDARD = "gnu++17";
				CLANG_CXX_LIBRARY = "libc++";
				CLANG_ENABLE_MODULES = YES;
				CLANG_ENABLE_OBJC_ARC = YES;
				CLANG_ENABLE_OBJC_WEAK = YES;
				CLANG_WARN_BLOCK_CAPTURE_AUTORELEASING = YES;
				CLANG_WARN_BOOL_CONVERSION = YES;
				CLANG_WARN_COMMA = YES;
				CLANG_WARN_CONSTANT_CONVERSION = YES;
				CLANG_WARN_DEPRECATED_OBJC_IMPLEMENTATIONS = YES;
				CLANG_WARN_DIRECT_OBJC_ISA_USAGE = YES_ERROR;
				CLANG_WARN_DOCUMENTATION_COMMENTS = YES;
				CLANG_WARN_EMPTY_BODY = YES;
				CLANG_WARN_ENUM_CONVERSION = YES;
				CLANG_WARN_INFINITE_RECURSION = YES;
				CLANG_WARN_INT_CONVERSION = YES;
				CLANG_WARN_NON_LITERAL_NULL_CONVERSION = YES;
				CLANG_WARN_OBJC_IMPLICIT_RETAIN_SELF = YES;
				CLANG_WARN_OBJC_LITERAL_CONVERSION = YES;
				CLANG_WARN_OBJC_ROOT_CLASS = YES_ERROR;
				CLANG_WARN_QUOTED_INCLUDE_IN_FRAMEWORK_HEADER = YES;
				CLANG_WARN_RANGE_LOOP_ANALYSIS = YES;
				CLANG_WARN_STRICT_PROTOTYPES = YES;
				CLANG_WARN_SUSPICIOUS_MOVE = YES;
				CLANG_WARN_UNGUARDED_AVAILABILITY = YES_AGGRESSIVE;
				CLANG_WARN_UNREACHABLE_CODE = YES;
				CLANG_WARN__DUPLICATE_METHOD_MATCH = YES;
				COPY_PHASE_STRIP = NO;
				DEBUG_INFORMATION_FORMAT = dwarf;
				ENABLE_STRICT_OBJC_MSGSEND = YES;
				ENABLE_TESTABILITY = YES;
				GCC_C_LANGUAGE_STANDARD = gnu11;
				GCC_DYNAMIC_NO_PIC = NO;
				GCC_NO_COMMON_BLOCKS = YES;
				GCC_OPTIMIZATION_LEVEL = 0;
				GCC_PREPROCESSOR_DEFINITIONS = (
					"DEBUG=1",
					"$(inherited)",
				);
				GCC_WARN_64_TO_32_BIT_CONVERSION = YES;
				GCC_WARN_ABOUT_RETURN_TYPE = YES_ERROR;
				GCC_WARN_UNDECLARED_SELECTOR = YES;
				GCC_WARN_UNINITIALIZED_AUTOS = YES_AGGRESSIVE;
				GCC_WARN_UNUSED_FUNCTION = YES;
				GCC_WARN_UNUSED_VARIABLE = YES;
				IPHONEOS_DEPLOYMENT_TARGET = 15.1;
				MTL_ENABLE_DEBUG_INFO = INCLUDE_SOURCE;
				MTL_FAST_MATH = YES;
				ONLY_ACTIVE_ARCH = YES;
				SDKROOT = iphoneos;
				SWIFT_ACTIVE_COMPILATION_CONDITIONS = DEBUG;
				SWIFT_OPTIMIZATION_LEVEL = "-Onone";
			};
			name = Debug;
		};
		D74E271727AC2F1700992242 /* Release */ = {
			isa = XCBuildConfiguration;
			buildSettings = {
				ALWAYS_SEARCH_USER_PATHS = NO;
				CLANG_ANALYZER_NONNULL = YES;
				CLANG_ANALYZER_NUMBER_OBJECT_CONVERSION = YES_AGGRESSIVE;
				CLANG_CXX_LANGUAGE_STANDARD = "gnu++17";
				CLANG_CXX_LIBRARY = "libc++";
				CLANG_ENABLE_MODULES = YES;
				CLANG_ENABLE_OBJC_ARC = YES;
				CLANG_ENABLE_OBJC_WEAK = YES;
				CLANG_WARN_BLOCK_CAPTURE_AUTORELEASING = YES;
				CLANG_WARN_BOOL_CONVERSION = YES;
				CLANG_WARN_COMMA = YES;
				CLANG_WARN_CONSTANT_CONVERSION = YES;
				CLANG_WARN_DEPRECATED_OBJC_IMPLEMENTATIONS = YES;
				CLANG_WARN_DIRECT_OBJC_ISA_USAGE = YES_ERROR;
				CLANG_WARN_DOCUMENTATION_COMMENTS = YES;
				CLANG_WARN_EMPTY_BODY = YES;
				CLANG_WARN_ENUM_CONVERSION = YES;
				CLANG_WARN_INFINITE_RECURSION = YES;
				CLANG_WARN_INT_CONVERSION = YES;
				CLANG_WARN_NON_LITERAL_NULL_CONVERSION = YES;
				CLANG_WARN_OBJC_IMPLICIT_RETAIN_SELF = YES;
				CLANG_WARN_OBJC_LITERAL_CONVERSION = YES;
				CLANG_WARN_OBJC_ROOT_CLASS = YES_ERROR;
				CLANG_WARN_QUOTED_INCLUDE_IN_FRAMEWORK_HEADER = YES;
				CLANG_WARN_RANGE_LOOP_ANALYSIS = YES;
				CLANG_WARN_STRICT_PROTOTYPES = YES;
				CLANG_WARN_SUSPICIOUS_MOVE = YES;
				CLANG_WARN_UNGUARDED_AVAILABILITY = YES_AGGRESSIVE;
				CLANG_WARN_UNREACHABLE_CODE = YES;
				CLANG_WARN__DUPLICATE_METHOD_MATCH = YES;
				COPY_PHASE_STRIP = NO;
				DEBUG_INFORMATION_FORMAT = "dwarf-with-dsym";
				ENABLE_NS_ASSERTIONS = NO;
				ENABLE_STRICT_OBJC_MSGSEND = YES;
				GCC_C_LANGUAGE_STANDARD = gnu11;
				GCC_NO_COMMON_BLOCKS = YES;
				GCC_WARN_64_TO_32_BIT_CONVERSION = YES;
				GCC_WARN_ABOUT_RETURN_TYPE = YES_ERROR;
				GCC_WARN_UNDECLARED_SELECTOR = YES;
				GCC_WARN_UNINITIALIZED_AUTOS = YES_AGGRESSIVE;
				GCC_WARN_UNUSED_FUNCTION = YES;
				GCC_WARN_UNUSED_VARIABLE = YES;
				IPHONEOS_DEPLOYMENT_TARGET = 15.1;
				MTL_ENABLE_DEBUG_INFO = NO;
				MTL_FAST_MATH = YES;
				SDKROOT = iphoneos;
				SWIFT_COMPILATION_MODE = wholemodule;
				SWIFT_OPTIMIZATION_LEVEL = "-O";
				VALIDATE_PRODUCT = YES;
			};
			name = Release;
		};
		D74E271927AC2F1700992242 /* Debug */ = {
			isa = XCBuildConfiguration;
			buildSettings = {
				ASSETCATALOG_COMPILER_APPICON_NAME = AppIcon;
				ASSETCATALOG_COMPILER_GLOBAL_ACCENT_COLOR_NAME = AccentColor;
				CODE_SIGN_STYLE = Automatic;
				CURRENT_PROJECT_VERSION = 1;
				DEVELOPMENT_ASSET_PATHS = "\"PicIt/Preview Content\"";
				DEVELOPMENT_TEAM = U473J2NE3B;
				ENABLE_PREVIEWS = YES;
				GENERATE_INFOPLIST_FILE = YES;
				INFOPLIST_KEY_NSCameraUsageDescription = "PicIt needs access to your camera to capture photos and videos";
				INFOPLIST_KEY_NSMicrophoneUsageDescription = "PicIt needs access to your microphone to add sound to videos.";
				INFOPLIST_KEY_NSPhotoLibraryUsageDescription = "PicIt saves to your photo library";
				INFOPLIST_KEY_UIApplicationSceneManifest_Generation = YES;
				INFOPLIST_KEY_UIApplicationSupportsIndirectInputEvents = YES;
				INFOPLIST_KEY_UILaunchScreen_Generation = YES;
				INFOPLIST_KEY_UISupportedInterfaceOrientations_iPad = "UIInterfaceOrientationPortrait UIInterfaceOrientationPortraitUpsideDown UIInterfaceOrientationLandscapeLeft UIInterfaceOrientationLandscapeRight";
				INFOPLIST_KEY_UISupportedInterfaceOrientations_iPhone = "UIInterfaceOrientationPortrait UIInterfaceOrientationLandscapeLeft UIInterfaceOrientationLandscapeRight";
				LD_RUNPATH_SEARCH_PATHS = (
					"$(inherited)",
					"@executable_path/Frameworks",
				);
				MARKETING_VERSION = 1.0;
				PRODUCT_BUNDLE_IDENTIFIER = us.joha.PicIt;
				PRODUCT_NAME = "$(TARGET_NAME)";
				SWIFT_EMIT_LOC_STRINGS = YES;
				SWIFT_VERSION = 5.0;
				TARGETED_DEVICE_FAMILY = "1,2";
			};
			name = Debug;
		};
		D74E271A27AC2F1700992242 /* Release */ = {
			isa = XCBuildConfiguration;
			buildSettings = {
				ASSETCATALOG_COMPILER_APPICON_NAME = AppIcon;
				ASSETCATALOG_COMPILER_GLOBAL_ACCENT_COLOR_NAME = AccentColor;
				CODE_SIGN_STYLE = Automatic;
				CURRENT_PROJECT_VERSION = 1;
				DEVELOPMENT_ASSET_PATHS = "\"PicIt/Preview Content\"";
				DEVELOPMENT_TEAM = U473J2NE3B;
				ENABLE_PREVIEWS = YES;
				GENERATE_INFOPLIST_FILE = YES;
				INFOPLIST_KEY_NSCameraUsageDescription = "PicIt needs access to your camera to capture photos and videos";
				INFOPLIST_KEY_NSMicrophoneUsageDescription = "PicIt needs access to your microphone to add sound to videos.";
				INFOPLIST_KEY_NSPhotoLibraryUsageDescription = "PicIt saves to your photo library";
				INFOPLIST_KEY_UIApplicationSceneManifest_Generation = YES;
				INFOPLIST_KEY_UIApplicationSupportsIndirectInputEvents = YES;
				INFOPLIST_KEY_UILaunchScreen_Generation = YES;
				INFOPLIST_KEY_UISupportedInterfaceOrientations_iPad = "UIInterfaceOrientationPortrait UIInterfaceOrientationPortraitUpsideDown UIInterfaceOrientationLandscapeLeft UIInterfaceOrientationLandscapeRight";
				INFOPLIST_KEY_UISupportedInterfaceOrientations_iPhone = "UIInterfaceOrientationPortrait UIInterfaceOrientationLandscapeLeft UIInterfaceOrientationLandscapeRight";
				LD_RUNPATH_SEARCH_PATHS = (
					"$(inherited)",
					"@executable_path/Frameworks",
				);
				MARKETING_VERSION = 1.0;
				PRODUCT_BUNDLE_IDENTIFIER = us.joha.PicIt;
				PRODUCT_NAME = "$(TARGET_NAME)";
				SWIFT_EMIT_LOC_STRINGS = YES;
				SWIFT_VERSION = 5.0;
				TARGETED_DEVICE_FAMILY = "1,2";
			};
			name = Release;
		};
		D74E271C27AC2F1700992242 /* Debug */ = {
			isa = XCBuildConfiguration;
			buildSettings = {
				ALWAYS_EMBED_SWIFT_STANDARD_LIBRARIES = YES;
				BUNDLE_LOADER = "$(TEST_HOST)";
				CODE_SIGN_STYLE = Automatic;
				CURRENT_PROJECT_VERSION = 1;
				DEVELOPMENT_TEAM = U473J2NE3B;
				GENERATE_INFOPLIST_FILE = YES;
				IPHONEOS_DEPLOYMENT_TARGET = 15.2;
				MARKETING_VERSION = 1.0;
				PRODUCT_BUNDLE_IDENTIFIER = us.joha.PicItTests;
				PRODUCT_NAME = "$(TARGET_NAME)";
				SWIFT_EMIT_LOC_STRINGS = NO;
				SWIFT_VERSION = 5.0;
				TARGETED_DEVICE_FAMILY = "1,2";
				TEST_HOST = "$(BUILT_PRODUCTS_DIR)/PicIt.app/PicIt";
			};
			name = Debug;
		};
		D74E271D27AC2F1700992242 /* Release */ = {
			isa = XCBuildConfiguration;
			buildSettings = {
				ALWAYS_EMBED_SWIFT_STANDARD_LIBRARIES = YES;
				BUNDLE_LOADER = "$(TEST_HOST)";
				CODE_SIGN_STYLE = Automatic;
				CURRENT_PROJECT_VERSION = 1;
				DEVELOPMENT_TEAM = U473J2NE3B;
				GENERATE_INFOPLIST_FILE = YES;
				IPHONEOS_DEPLOYMENT_TARGET = 15.2;
				MARKETING_VERSION = 1.0;
				PRODUCT_BUNDLE_IDENTIFIER = us.joha.PicItTests;
				PRODUCT_NAME = "$(TARGET_NAME)";
				SWIFT_EMIT_LOC_STRINGS = NO;
				SWIFT_VERSION = 5.0;
				TARGETED_DEVICE_FAMILY = "1,2";
				TEST_HOST = "$(BUILT_PRODUCTS_DIR)/PicIt.app/PicIt";
			};
			name = Release;
		};
		D74E271F27AC2F1700992242 /* Debug */ = {
			isa = XCBuildConfiguration;
			buildSettings = {
				ALWAYS_EMBED_SWIFT_STANDARD_LIBRARIES = YES;
				CODE_SIGN_STYLE = Automatic;
				CURRENT_PROJECT_VERSION = 1;
				DEVELOPMENT_TEAM = U473J2NE3B;
				GENERATE_INFOPLIST_FILE = YES;
				MARKETING_VERSION = 1.0;
				PRODUCT_BUNDLE_IDENTIFIER = us.joha.PicItUITests;
				PRODUCT_NAME = "$(TARGET_NAME)";
				SWIFT_EMIT_LOC_STRINGS = NO;
				SWIFT_VERSION = 5.0;
				TARGETED_DEVICE_FAMILY = "1,2";
				TEST_TARGET_NAME = PicIt;
			};
			name = Debug;
		};
		D74E272027AC2F1700992242 /* Release */ = {
			isa = XCBuildConfiguration;
			buildSettings = {
				ALWAYS_EMBED_SWIFT_STANDARD_LIBRARIES = YES;
				CODE_SIGN_STYLE = Automatic;
				CURRENT_PROJECT_VERSION = 1;
				DEVELOPMENT_TEAM = U473J2NE3B;
				GENERATE_INFOPLIST_FILE = YES;
				MARKETING_VERSION = 1.0;
				PRODUCT_BUNDLE_IDENTIFIER = us.joha.PicItUITests;
				PRODUCT_NAME = "$(TARGET_NAME)";
				SWIFT_EMIT_LOC_STRINGS = NO;
				SWIFT_VERSION = 5.0;
				TARGETED_DEVICE_FAMILY = "1,2";
				TEST_TARGET_NAME = PicIt;
			};
			name = Release;
		};
/* End XCBuildConfiguration section */

/* Begin XCConfigurationList section */
		D74E26EF27AC2F1600992242 /* Build configuration list for PBXProject "PicIt" */ = {
			isa = XCConfigurationList;
			buildConfigurations = (
				D74E271627AC2F1700992242 /* Debug */,
				D74E271727AC2F1700992242 /* Release */,
			);
			defaultConfigurationIsVisible = 0;
			defaultConfigurationName = Release;
		};
		D74E271827AC2F1700992242 /* Build configuration list for PBXNativeTarget "PicIt" */ = {
			isa = XCConfigurationList;
			buildConfigurations = (
				D74E271927AC2F1700992242 /* Debug */,
				D74E271A27AC2F1700992242 /* Release */,
			);
			defaultConfigurationIsVisible = 0;
			defaultConfigurationName = Release;
		};
		D74E271B27AC2F1700992242 /* Build configuration list for PBXNativeTarget "PicItTests" */ = {
			isa = XCConfigurationList;
			buildConfigurations = (
				D74E271C27AC2F1700992242 /* Debug */,
				D74E271D27AC2F1700992242 /* Release */,
			);
			defaultConfigurationIsVisible = 0;
			defaultConfigurationName = Release;
		};
		D74E271E27AC2F1700992242 /* Build configuration list for PBXNativeTarget "PicItUITests" */ = {
			isa = XCConfigurationList;
			buildConfigurations = (
				D74E271F27AC2F1700992242 /* Debug */,
				D74E272027AC2F1700992242 /* Release */,
			);
			defaultConfigurationIsVisible = 0;
			defaultConfigurationName = Release;
		};
/* End XCConfigurationList section */
	};
	rootObject = D74E26EC27AC2F1600992242 /* Project object */;
}
